
Microsoft Visual Studio Solution File, Format Version 12.00
# Visual Studio Version 16
VisualStudioVersion = 16.0.30523.141
MinimumVisualStudioVersion = 10.0.40219.1
Project("{FAE04EC0-301F-11D3-BF4B-00C04F79EFBC}") = "01-SouthBack", "01-SouthBack\01-SouthBack.csproj", "{D6DB7747-8FEB-4DC8-A973-7485DB31A683}"
EndProject
Global
	GlobalSection(SolutionConfigurationPlatforms) = preSolution
		Debug|Any CPU = Debug|Any CPU
		Release|Any CPU = Release|Any CPU
	EndGlobalSection
	GlobalSection(ProjectConfigurationPlatforms) = postSolution
		{D6DB7747-8FEB-4DC8-A973-7485DB31A683}.Debug|Any CPU.ActiveCfg = Debug|Any CPU
		{D6DB7747-8FEB-4DC8-A973-7485DB31A683}.Debug|Any CPU.Build.0 = Debug|Any CPU
		{D6DB7747-8FEB-4DC8-A973-7485DB31A683}.Release|Any CPU.ActiveCfg = Release|Any CPU
		{D6DB7747-8FEB-4DC8-A973-7485DB31A683}.Release|Any CPU.Build.0 = Release|Any CPU
	EndGlobalSection
	GlobalSection(SolutionProperties) = preSolution
		HideSolutionNode = FALSE
	EndGlobalSection
	GlobalSection(ExtensibilityGlobals) = postSolution
		SolutionGuid = {A8964C86-0F0C-4B53-8C7F-C741B53186B4}
	EndGlobalSection
EndGlobal
